
Microsoft Visual Studio Solution File, Format Version 12.00
# Visual Studio 14
VisualStudioVersion = 14.0.24720.0
MinimumVisualStudioVersion = 10.0.40219.1
Project("{FAE04EC0-301F-11D3-BF4B-00C04F79EFBC}") = "efwplusNginxHost", "efwplusNginxHost\efwplusNginxHost.csproj", "{EF68CE7D-19B9-4986-9A3F-8B2C94C81452}"
EndProject
Project("{E24C65DC-7377-472B-9ABA-BC803B73C61A}") = "html", "Nginx\html\", "{4B560357-D480-4DB6-9DD3-AC05978F0F74}"
	ProjectSection(WebsiteProperties) = preProject
		TargetFrameworkMoniker = ".NETFramework,Version%3Dv4.0"
		Debug.AspNetCompiler.VirtualPath = "/localhost_52833"
		Debug.AspNetCompiler.PhysicalPath = "Nginx\html\"
		Debug.AspNetCompiler.TargetPath = "PrecompiledWeb\localhost_52833\"
		Debug.AspNetCompiler.Updateable = "true"
		Debug.AspNetCompiler.ForceOverwrite = "true"
		Debug.AspNetCompiler.FixedNames = "false"
		Debug.AspNetCompiler.Debug = "True"
		Release.AspNetCompiler.VirtualPath = "/localhost_52833"
		Release.AspNetCompiler.PhysicalPath = "Nginx\html\"
		Release.AspNetCompiler.TargetPath = "PrecompiledWeb\localhost_52833\"
		Release.AspNetCompiler.Updateable = "true"
		Release.AspNetCompiler.ForceOverwrite = "true"
		Release.AspNetCompiler.FixedNames = "false"
		Release.AspNetCompiler.Debug = "False"
		VWDPort = "52833"
		SlnRelativePath = "Nginx\html\"
	EndProjectSection
EndProject
Project("{FAE04EC0-301F-11D3-BF4B-00C04F79EFBC}") = "efwplusWebApi", "efwplusWebApi\efwplusWebApi.csproj", "{F83871ED-9724-4C68-B44E-3FCB396E6213}"
EndProject
Project("{2150E333-8FDC-42A3-9474-1A3956D46DE8}") = "Config", "Config", "{C4B184CA-BCD3-44AE-B2F1-D64A0EB4D26B}"
	ProjectSection(SolutionItems) = preProject
		efwplusNginxHost.exe.config = efwplusNginxHost.exe.config
		MongoDB\mongo.conf = MongoDB\mongo.conf
		Nginx\conf\nginx.conf = Nginx\conf\nginx.conf
	EndProjectSection
EndProject
Project("{FAE04EC0-301F-11D3-BF4B-00C04F79EFBC}") = "TestApi", "TestApi\TestApi.csproj", "{3B235BD1-5C67-4B2A-9309-E1E513484C72}"
EndProject
Project("{FAE04EC0-301F-11D3-BF4B-00C04F79EFBC}") = "MonitorPlatform", "MonitorPlatform\MonitorPlatform.csproj", "{65460652-7121-4517-A87E-97D84A42580C}"
EndProject
Project("{E24C65DC-7377-472B-9ABA-BC803B73C61A}") = "monitor", "Nginx\monitor\", "{13400527-8551-4A43-B3C9-3F3BE68184E1}"
	ProjectSection(WebsiteProperties) = preProject
		TargetFrameworkMoniker = ".NETFramework,Version%3Dv4.0"
		Debug.AspNetCompiler.VirtualPath = "/localhost_14070"
		Debug.AspNetCompiler.PhysicalPath = "Nginx\monitor\"
		Debug.AspNetCompiler.TargetPath = "PrecompiledWeb\localhost_14070\"
		Debug.AspNetCompiler.Updateable = "true"
		Debug.AspNetCompiler.ForceOverwrite = "true"
		Debug.AspNetCompiler.FixedNames = "false"
		Debug.AspNetCompiler.Debug = "True"
		Release.AspNetCompiler.VirtualPath = "/localhost_14070"
		Release.AspNetCompiler.PhysicalPath = "Nginx\monitor\"
		Release.AspNetCompiler.TargetPath = "PrecompiledWeb\localhost_14070\"
		Release.AspNetCompiler.Updateable = "true"
		Release.AspNetCompiler.ForceOverwrite = "true"
		Release.AspNetCompiler.FixedNames = "false"
		Release.AspNetCompiler.Debug = "False"
		VWDPort = "14070"
		SlnRelativePath = "Nginx\monitor\"
	EndProjectSection
EndProject
Project("{2150E333-8FDC-42A3-9474-1A3956D46DE8}") = "MonitorSite", "MonitorSite", "{E6576029-E996-4774-9EAC-2F962479550C}"
EndProject
Project("{2150E333-8FDC-42A3-9474-1A3956D46DE8}") = "cloudhis", "cloudhis", "{2CE7337B-4C44-43B2-8177-9459919B17D9}"
EndProject
Project("{2150E333-8FDC-42A3-9474-1A3956D46DE8}") = "TestWeb", "TestWeb", "{65DC2FCA-23CF-46D3-A467-0F65DE4A3AEF}"
EndProject
Project("{E24C65DC-7377-472B-9ABA-BC803B73C61A}") = "cloudhis", "Nginx\cloudhis\", "{A9976AC1-B4EF-4B1E-8B3D-B0E16267BE3A}"
	ProjectSection(WebsiteProperties) = preProject
		TargetFrameworkMoniker = ".NETFramework,Version%3Dv4.0"
		Debug.AspNetCompiler.VirtualPath = "/localhost_33095"
		Debug.AspNetCompiler.PhysicalPath = "Nginx\cloudhis\"
		Debug.AspNetCompiler.TargetPath = "PrecompiledWeb\localhost_33095\"
		Debug.AspNetCompiler.Updateable = "true"
		Debug.AspNetCompiler.ForceOverwrite = "true"
		Debug.AspNetCompiler.FixedNames = "false"
		Debug.AspNetCompiler.Debug = "True"
		Release.AspNetCompiler.VirtualPath = "/localhost_33095"
		Release.AspNetCompiler.PhysicalPath = "Nginx\cloudhis\"
		Release.AspNetCompiler.TargetPath = "PrecompiledWeb\localhost_33095\"
		Release.AspNetCompiler.Updateable = "true"
		Release.AspNetCompiler.ForceOverwrite = "true"
		Release.AspNetCompiler.FixedNames = "false"
		Release.AspNetCompiler.Debug = "False"
		VWDPort = "33095"
		SlnRelativePath = "Nginx\cloudhis\"
	EndProjectSection
EndProject
Global
	GlobalSection(SolutionConfigurationPlatforms) = preSolution
		Debug|Any CPU = Debug|Any CPU
		Release|Any CPU = Release|Any CPU
	EndGlobalSection
	GlobalSection(ProjectConfigurationPlatforms) = postSolution
		{EF68CE7D-19B9-4986-9A3F-8B2C94C81452}.Debug|Any CPU.ActiveCfg = Debug|Any CPU
		{EF68CE7D-19B9-4986-9A3F-8B2C94C81452}.Debug|Any CPU.Build.0 = Debug|Any CPU
		{EF68CE7D-19B9-4986-9A3F-8B2C94C81452}.Release|Any CPU.ActiveCfg = Release|Any CPU
		{EF68CE7D-19B9-4986-9A3F-8B2C94C81452}.Release|Any CPU.Build.0 = Release|Any CPU
		{4B560357-D480-4DB6-9DD3-AC05978F0F74}.Debug|Any CPU.ActiveCfg = Debug|Any CPU
		{4B560357-D480-4DB6-9DD3-AC05978F0F74}.Debug|Any CPU.Build.0 = Debug|Any CPU
		{4B560357-D480-4DB6-9DD3-AC05978F0F74}.Release|Any CPU.ActiveCfg = Debug|Any CPU
		{4B560357-D480-4DB6-9DD3-AC05978F0F74}.Release|Any CPU.Build.0 = Debug|Any CPU
		{F83871ED-9724-4C68-B44E-3FCB396E6213}.Debug|Any CPU.ActiveCfg = Debug|Any CPU
		{F83871ED-9724-4C68-B44E-3FCB396E6213}.Debug|Any CPU.Build.0 = Debug|Any CPU
		{F83871ED-9724-4C68-B44E-3FCB396E6213}.Release|Any CPU.ActiveCfg = Release|Any CPU
		{F83871ED-9724-4C68-B44E-3FCB396E6213}.Release|Any CPU.Build.0 = Release|Any CPU
		{3B235BD1-5C67-4B2A-9309-E1E513484C72}.Debug|Any CPU.ActiveCfg = Debug|Any CPU
		{3B235BD1-5C67-4B2A-9309-E1E513484C72}.Debug|Any CPU.Build.0 = Debug|Any CPU
		{3B235BD1-5C67-4B2A-9309-E1E513484C72}.Release|Any CPU.ActiveCfg = Release|Any CPU
		{3B235BD1-5C67-4B2A-9309-E1E513484C72}.Release|Any CPU.Build.0 = Release|Any CPU
		{65460652-7121-4517-A87E-97D84A42580C}.Debug|Any CPU.ActiveCfg = Debug|Any CPU
		{65460652-7121-4517-A87E-97D84A42580C}.Debug|Any CPU.Build.0 = Debug|Any CPU
		{65460652-7121-4517-A87E-97D84A42580C}.Release|Any CPU.ActiveCfg = Release|Any CPU
		{65460652-7121-4517-A87E-97D84A42580C}.Release|Any CPU.Build.0 = Release|Any CPU
		{13400527-8551-4A43-B3C9-3F3BE68184E1}.Debug|Any CPU.ActiveCfg = Debug|Any CPU
		{13400527-8551-4A43-B3C9-3F3BE68184E1}.Debug|Any CPU.Build.0 = Debug|Any CPU
		{13400527-8551-4A43-B3C9-3F3BE68184E1}.Release|Any CPU.ActiveCfg = Debug|Any CPU
		{13400527-8551-4A43-B3C9-3F3BE68184E1}.Release|Any CPU.Build.0 = Debug|Any CPU
		{A9976AC1-B4EF-4B1E-8B3D-B0E16267BE3A}.Debug|Any CPU.ActiveCfg = Debug|Any CPU
		{A9976AC1-B4EF-4B1E-8B3D-B0E16267BE3A}.Debug|Any CPU.Build.0 = Debug|Any CPU
		{A9976AC1-B4EF-4B1E-8B3D-B0E16267BE3A}.Release|Any CPU.ActiveCfg = Debug|Any CPU
		{A9976AC1-B4EF-4B1E-8B3D-B0E16267BE3A}.Release|Any CPU.Build.0 = Debug|Any CPU
	EndGlobalSection
	GlobalSection(SolutionProperties) = preSolution
		HideSolutionNode = FALSE
	EndGlobalSection
	GlobalSection(NestedProjects) = preSolution
		{4B560357-D480-4DB6-9DD3-AC05978F0F74} = {65DC2FCA-23CF-46D3-A467-0F65DE4A3AEF}
		{3B235BD1-5C67-4B2A-9309-E1E513484C72} = {65DC2FCA-23CF-46D3-A467-0F65DE4A3AEF}
		{65460652-7121-4517-A87E-97D84A42580C} = {E6576029-E996-4774-9EAC-2F962479550C}
		{13400527-8551-4A43-B3C9-3F3BE68184E1} = {E6576029-E996-4774-9EAC-2F962479550C}
		{A9976AC1-B4EF-4B1E-8B3D-B0E16267BE3A} = {2CE7337B-4C44-43B2-8177-9459919B17D9}
	EndGlobalSection
EndGlobal
